// !$*UTF8*$!
{
	archiveVersion = 1;
	classes = {
	};
	objectVersion = 50;
	objects = {

/* Begin PBXBuildFile section */
		495CD53020E2770100D7673D /* AppDelegate.swift in Sources */ = {isa = PBXBuildFile; fileRef = 495CD52F20E2770100D7673D /* AppDelegate.swift */; };
		495CD53520E2770100D7673D /* Main.storyboard in Resources */ = {isa = PBXBuildFile; fileRef = 495CD53320E2770100D7673D /* Main.storyboard */; };
		495CD53720E2771200D7673D /* Assets.xcassets in Resources */ = {isa = PBXBuildFile; fileRef = 495CD53620E2771200D7673D /* Assets.xcassets */; };
		495CD53A20E2771200D7673D /* LaunchScreen.storyboard in Resources */ = {isa = PBXBuildFile; fileRef = 495CD53820E2771200D7673D /* LaunchScreen.storyboard */; };
		495CD54520E2771200D7673D /* FilterProjectTests.swift in Sources */ = {isa = PBXBuildFile; fileRef = 495CD54420E2771200D7673D /* FilterProjectTests.swift */; };
		495CD55020E2771200D7673D /* FilterProjectUITests.swift in Sources */ = {isa = PBXBuildFile; fileRef = 495CD54F20E2771200D7673D /* FilterProjectUITests.swift */; };
		495CD55E20E278A400D7673D /* MedicalCenterViewController.swift in Sources */ = {isa = PBXBuildFile; fileRef = 495CD55D20E278A400D7673D /* MedicalCenterViewController.swift */; };
		495CD56020E2792500D7673D /* AppRouter.swift in Sources */ = {isa = PBXBuildFile; fileRef = 495CD55F20E2792500D7673D /* AppRouter.swift */; };
		495CD56420E27C7900D7673D /* FilterTableViewController.swift in Sources */ = {isa = PBXBuildFile; fileRef = 495CD56320E27C7900D7673D /* FilterTableViewController.swift */; };
/* End PBXBuildFile section */

/* Begin PBXContainerItemProxy section */
		495CD54120E2771200D7673D /* PBXContainerItemProxy */ = {
			isa = PBXContainerItemProxy;
			containerPortal = 495CD52420E2770100D7673D /* Project object */;
			proxyType = 1;
			remoteGlobalIDString = 495CD52B20E2770100D7673D;
			remoteInfo = FilterProject;
		};
		495CD54C20E2771200D7673D /* PBXContainerItemProxy */ = {
			isa = PBXContainerItemProxy;
			containerPortal = 495CD52420E2770100D7673D /* Project object */;
			proxyType = 1;
			remoteGlobalIDString = 495CD52B20E2770100D7673D;
			remoteInfo = FilterProject;
		};
/* End PBXContainerItemProxy section */

/* Begin PBXFileReference section */
		495CD52C20E2770100D7673D /* FilterProject.app */ = {isa = PBXFileReference; explicitFileType = wrapper.application; includeInIndex = 0; path = FilterProject.app; sourceTree = BUILT_PRODUCTS_DIR; };
		495CD52F20E2770100D7673D /* AppDelegate.swift */ = {isa = PBXFileReference; lastKnownFileType = sourcecode.swift; path = AppDelegate.swift; sourceTree = "<group>"; };
		495CD53420E2770100D7673D /* Base */ = {isa = PBXFileReference; lastKnownFileType = file.storyboard; name = Base; path = Base.lproj/Main.storyboard; sourceTree = "<group>"; };
		495CD53620E2771200D7673D /* Assets.xcassets */ = {isa = PBXFileReference; lastKnownFileType = folder.assetcatalog; path = Assets.xcassets; sourceTree = "<group>"; };
		495CD53920E2771200D7673D /* Base */ = {isa = PBXFileReference; lastKnownFileType = file.storyboard; name = Base; path = Base.lproj/LaunchScreen.storyboard; sourceTree = "<group>"; };
		495CD53B20E2771200D7673D /* Info.plist */ = {isa = PBXFileReference; lastKnownFileType = text.plist.xml; path = Info.plist; sourceTree = "<group>"; };
		495CD54020E2771200D7673D /* FilterProjectTests.xctest */ = {isa = PBXFileReference; explicitFileType = wrapper.cfbundle; includeInIndex = 0; path = FilterProjectTests.xctest; sourceTree = BUILT_PRODUCTS_DIR; };
		495CD54420E2771200D7673D /* FilterProjectTests.swift */ = {isa = PBXFileReference; lastKnownFileType = sourcecode.swift; path = FilterProjectTests.swift; sourceTree = "<group>"; };
		495CD54620E2771200D7673D /* Info.plist */ = {isa = PBXFileReference; lastKnownFileType = text.plist.xml; path = Info.plist; sourceTree = "<group>"; };
		495CD54B20E2771200D7673D /* FilterProjectUITests.xctest */ = {isa = PBXFileReference; explicitFileType = wrapper.cfbundle; includeInIndex = 0; path = FilterProjectUITests.xctest; sourceTree = BUILT_PRODUCTS_DIR; };
		495CD54F20E2771200D7673D /* FilterProjectUITests.swift */ = {isa = PBXFileReference; lastKnownFileType = sourcecode.swift; path = FilterProjectUITests.swift; sourceTree = "<group>"; };
		495CD55120E2771200D7673D /* Info.plist */ = {isa = PBXFileReference; lastKnownFileType = text.plist.xml; path = Info.plist; sourceTree = "<group>"; };
		495CD55D20E278A400D7673D /* MedicalCenterViewController.swift */ = {isa = PBXFileReference; lastKnownFileType = sourcecode.swift; path = MedicalCenterViewController.swift; sourceTree = "<group>"; };
		495CD55F20E2792500D7673D /* AppRouter.swift */ = {isa = PBXFileReference; lastKnownFileType = sourcecode.swift; path = AppRouter.swift; sourceTree = "<group>"; };
		495CD56320E27C7900D7673D /* FilterTableViewController.swift */ = {isa = PBXFileReference; lastKnownFileType = sourcecode.swift; path = FilterTableViewController.swift; sourceTree = "<group>"; };
/* End PBXFileReference section */

/* Begin PBXFrameworksBuildPhase section */
		495CD52920E2770100D7673D /* Frameworks */ = {
			isa = PBXFrameworksBuildPhase;
			buildActionMask = 2147483647;
			files = (
			);
			runOnlyForDeploymentPostprocessing = 0;
		};
		495CD53D20E2771200D7673D /* Frameworks */ = {
			isa = PBXFrameworksBuildPhase;
			buildActionMask = 2147483647;
			files = (
			);
			runOnlyForDeploymentPostprocessing = 0;
		};
		495CD54820E2771200D7673D /* Frameworks */ = {
			isa = PBXFrameworksBuildPhase;
			buildActionMask = 2147483647;
			files = (
			);
			runOnlyForDeploymentPostprocessing = 0;
		};
/* End PBXFrameworksBuildPhase section */

/* Begin PBXGroup section */
		495CD52320E2770100D7673D = {
			isa = PBXGroup;
			children = (
				495CD52E20E2770100D7673D /* FilterProject */,
				495CD54320E2771200D7673D /* FilterProjectTests */,
				495CD54E20E2771200D7673D /* FilterProjectUITests */,
				495CD52D20E2770100D7673D /* Products */,
			);
			sourceTree = "<group>";
		};
		495CD52D20E2770100D7673D /* Products */ = {
			isa = PBXGroup;
			children = (
				495CD52C20E2770100D7673D /* FilterProject.app */,
				495CD54020E2771200D7673D /* FilterProjectTests.xctest */,
				495CD54B20E2771200D7673D /* FilterProjectUITests.xctest */,
			);
			name = Products;
			sourceTree = "<group>";
		};
		495CD52E20E2770100D7673D /* FilterProject */ = {
			isa = PBXGroup;
			children = (
				495CD56520E27F5700D7673D /* Views */,
				495CD52F20E2770100D7673D /* AppDelegate.swift */,
				495CD53320E2770100D7673D /* Main.storyboard */,
				495CD53620E2771200D7673D /* Assets.xcassets */,
				495CD53820E2771200D7673D /* LaunchScreen.storyboard */,
				495CD53B20E2771200D7673D /* Info.plist */,
				495CD55D20E278A400D7673D /* MedicalCenterViewController.swift */,
				495CD55F20E2792500D7673D /* AppRouter.swift */,
				495CD56320E27C7900D7673D /* FilterTableViewController.swift */,
			);
			path = FilterProject;
			sourceTree = "<group>";
		};
		495CD54320E2771200D7673D /* FilterProjectTests */ = {
			isa = PBXGroup;
			children = (
				495CD54420E2771200D7673D /* FilterProjectTests.swift */,
				495CD54620E2771200D7673D /* Info.plist */,
			);
			path = FilterProjectTests;
			sourceTree = "<group>";
		};
		495CD54E20E2771200D7673D /* FilterProjectUITests */ = {
			isa = PBXGroup;
			children = (
				495CD54F20E2771200D7673D /* FilterProjectUITests.swift */,
				495CD55120E2771200D7673D /* Info.plist */,
			);
			path = FilterProjectUITests;
			sourceTree = "<group>";
		};
		495CD56520E27F5700D7673D /* Views */ = {
			isa = PBXGroup;
			children = (
			);
			path = Views;
			sourceTree = "<group>";
		};
/* End PBXGroup section */

/* Begin PBXNativeTarget section */
		495CD52B20E2770100D7673D /* FilterProject */ = {
			isa = PBXNativeTarget;
			buildConfigurationList = 495CD55420E2771300D7673D /* Build configuration list for PBXNativeTarget "FilterProject" */;
			buildPhases = (
				495CD52820E2770100D7673D /* Sources */,
				495CD52920E2770100D7673D /* Frameworks */,
				495CD52A20E2770100D7673D /* Resources */,
			);
			buildRules = (
			);
			dependencies = (
			);
			name = FilterProject;
			productName = FilterProject;
			productReference = 495CD52C20E2770100D7673D /* FilterProject.app */;
			productType = "com.apple.product-type.application";
		};
		495CD53F20E2771200D7673D /* FilterProjectTests */ = {
			isa = PBXNativeTarget;
			buildConfigurationList = 495CD55720E2771300D7673D /* Build configuration list for PBXNativeTarget "FilterProjectTests" */;
			buildPhases = (
				495CD53C20E2771200D7673D /* Sources */,
				495CD53D20E2771200D7673D /* Frameworks */,
				495CD53E20E2771200D7673D /* Resources */,
			);
			buildRules = (
			);
			dependencies = (
				495CD54220E2771200D7673D /* PBXTargetDependency */,
			);
			name = FilterProjectTests;
			productName = FilterProjectTests;
			productReference = 495CD54020E2771200D7673D /* FilterProjectTests.xctest */;
			productType = "com.apple.product-type.bundle.unit-test";
		};
		495CD54A20E2771200D7673D /* FilterProjectUITests */ = {
			isa = PBXNativeTarget;
			buildConfigurationList = 495CD55A20E2771300D7673D /* Build configuration list for PBXNativeTarget "FilterProjectUITests" */;
			buildPhases = (
				495CD54720E2771200D7673D /* Sources */,
				495CD54820E2771200D7673D /* Frameworks */,
				495CD54920E2771200D7673D /* Resources */,
			);
			buildRules = (
			);
			dependencies = (
				495CD54D20E2771200D7673D /* PBXTargetDependency */,
			);
			name = FilterProjectUITests;
			productName = FilterProjectUITests;
			productReference = 495CD54B20E2771200D7673D /* FilterProjectUITests.xctest */;
			productType = "com.apple.product-type.bundle.ui-testing";
		};
/* End PBXNativeTarget section */

/* Begin PBXProject section */
		495CD52420E2770100D7673D /* Project object */ = {
			isa = PBXProject;
			attributes = {
				LastSwiftUpdateCheck = 0940;
				LastUpgradeCheck = 0940;
				ORGANIZATIONNAME = "Rodrigo Vianna";
				TargetAttributes = {
					495CD52B20E2770100D7673D = {
						CreatedOnToolsVersion = 9.4;
					};
					495CD53F20E2771200D7673D = {
						CreatedOnToolsVersion = 9.4;
						TestTargetID = 495CD52B20E2770100D7673D;
					};
					495CD54A20E2771200D7673D = {
						CreatedOnToolsVersion = 9.4;
						TestTargetID = 495CD52B20E2770100D7673D;
					};
				};
			};
			buildConfigurationList = 495CD52720E2770100D7673D /* Build configuration list for PBXProject "FilterProject" */;
			compatibilityVersion = "Xcode 9.3";
			developmentRegion = en;
			hasScannedForEncodings = 0;
			knownRegions = (
				en,
				Base,
			);
			mainGroup = 495CD52320E2770100D7673D;
			productRefGroup = 495CD52D20E2770100D7673D /* Products */;
			projectDirPath = "";
			projectRoot = "";
			targets = (
				495CD52B20E2770100D7673D /* FilterProject */,
				495CD53F20E2771200D7673D /* FilterProjectTests */,
				495CD54A20E2771200D7673D /* FilterProjectUITests */,
			);
		};
/* End PBXProject section */

/* Begin PBXResourcesBuildPhase section */
		495CD52A20E2770100D7673D /* Resources */ = {
			isa = PBXResourcesBuildPhase;
			buildActionMask = 2147483647;
			files = (
				495CD53A20E2771200D7673D /* LaunchScreen.storyboard in Resources */,
				495CD53720E2771200D7673D /* Assets.xcassets in Resources */,
				495CD53520E2770100D7673D /* Main.storyboard in Resources */,
			);
			runOnlyForDeploymentPostprocessing = 0;
		};
		495CD53E20E2771200D7673D /* Resources */ = {
			isa = PBXResourcesBuildPhase;
			buildActionMask = 2147483647;
			files = (
			);
			runOnlyForDeploymentPostprocessing = 0;
		};
		495CD54920E2771200D7673D /* Resources */ = {
			isa = PBXResourcesBuildPhase;
			buildActionMask = 2147483647;
			files = (
			);
			runOnlyForDeploymentPostprocessing = 0;
		};
/* End PBXResourcesBuildPhase section */

/* Begin PBXSourcesBuildPhase section */
		495CD52820E2770100D7673D /* Sources */ = {
			isa = PBXSourcesBuildPhase;
			buildActionMask = 2147483647;
			files = (
				495CD53020E2770100D7673D /* AppDelegate.swift in Sources */,
				495CD55E20E278A400D7673D /* MedicalCenterViewController.swift in Sources */,
				495CD56020E2792500D7673D /* AppRouter.swift in Sources */,
				495CD56420E27C7900D7673D /* FilterTableViewController.swift in Sources */,
			);
			runOnlyForDeploymentPostprocessing = 0;
		};
		495CD53C20E2771200D7673D /* Sources */ = {
			isa = PBXSourcesBuildPhase;
			buildActionMask = 2147483647;
			files = (
				495CD54520E2771200D7673D /* FilterProjectTests.swift in Sources */,
			);
			runOnlyForDeploymentPostprocessing = 0;
		};
		495CD54720E2771200D7673D /* Sources */ = {
			isa = PBXSourcesBuildPhase;
			buildActionMask = 2147483647;
			files = (
				495CD55020E2771200D7673D /* FilterProjectUITests.swift in Sources */,
			);
			runOnlyForDeploymentPostprocessing = 0;
		};
/* End PBXSourcesBuildPhase section */

/* Begin PBXTargetDependency section */
		495CD54220E2771200D7673D /* PBXTargetDependency */ = {
			isa = PBXTargetDependency;
			target = 495CD52B20E2770100D7673D /* FilterProject */;
			targetProxy = 495CD54120E2771200D7673D /* PBXContainerItemProxy */;
		};
		495CD54D20E2771200D7673D /* PBXTargetDependency */ = {
			isa = PBXTargetDependency;
			target = 495CD52B20E2770100D7673D /* FilterProject */;
			targetProxy = 495CD54C20E2771200D7673D /* PBXContainerItemProxy */;
		};
/* End PBXTargetDependency section */

/* Begin PBXVariantGroup section */
		495CD53320E2770100D7673D /* Main.storyboard */ = {
			isa = PBXVariantGroup;
			children = (
				495CD53420E2770100D7673D /* Base */,
			);
			name = Main.storyboard;
			sourceTree = "<group>";
		};
		495CD53820E2771200D7673D /* LaunchScreen.storyboard */ = {
			isa = PBXVariantGroup;
			children = (
				495CD53920E2771200D7673D /* Base */,
			);
			name = LaunchScreen.storyboard;
			sourceTree = "<group>";
		};
/* End PBXVariantGroup section */

/* Begin XCBuildConfiguration section */
		495CD55220E2771300D7673D /* Debug */ = {
			isa = XCBuildConfiguration;
			buildSettings = {
				ALWAYS_SEARCH_USER_PATHS = NO;
				CLANG_ANALYZER_NONNULL = YES;
				CLANG_ANALYZER_NUMBER_OBJECT_CONVERSION = YES_AGGRESSIVE;
				CLANG_CXX_LANGUAGE_STANDARD = "gnu++14";
				CLANG_CXX_LIBRARY = "libc++";
				CLANG_ENABLE_MODULES = YES;
				CLANG_ENABLE_OBJC_ARC = YES;
				CLANG_ENABLE_OBJC_WEAK = YES;
				CLANG_WARN_BLOCK_CAPTURE_AUTORELEASING = YES;
				CLANG_WARN_BOOL_CONVERSION = YES;
				CLANG_WARN_COMMA = YES;
				CLANG_WARN_CONSTANT_CONVERSION = YES;
				CLANG_WARN_DEPRECATED_OBJC_IMPLEMENTATIONS = YES;
				CLANG_WARN_DIRECT_OBJC_ISA_USAGE = YES_ERROR;
				CLANG_WARN_DOCUMENTATION_COMMENTS = YES;
				CLANG_WARN_EMPTY_BODY = YES;
				CLANG_WARN_ENUM_CONVERSION = YES;
				CLANG_WARN_INFINITE_RECURSION = YES;
				CLANG_WARN_INT_CONVERSION = YES;
				CLANG_WARN_NON_LITERAL_NULL_CONVERSION = YES;
				CLANG_WARN_OBJC_IMPLICIT_RETAIN_SELF = YES;
				CLANG_WARN_OBJC_LITERAL_CONVERSION = YES;
				CLANG_WARN_OBJC_ROOT_CLASS = YES_ERROR;
				CLANG_WARN_RANGE_LOOP_ANALYSIS = YES;
				CLANG_WARN_STRICT_PROTOTYPES = YES;
				CLANG_WARN_SUSPICIOUS_MOVE = YES;
				CLANG_WARN_UNGUARDED_AVAILABILITY = YES_AGGRESSIVE;
				CLANG_WARN_UNREACHABLE_CODE = YES;
				CLANG_WARN__DUPLICATE_METHOD_MATCH = YES;
				CODE_SIGN_IDENTITY = "iPhone Developer";
				COPY_PHASE_STRIP = NO;
				DEBUG_INFORMATION_FORMAT = dwarf;
				ENABLE_STRICT_OBJC_MSGSEND = YES;
				ENABLE_TESTABILITY = YES;
				GCC_C_LANGUAGE_STANDARD = gnu11;
				GCC_DYNAMIC_NO_PIC = NO;
				GCC_NO_COMMON_BLOCKS = YES;
				GCC_OPTIMIZATION_LEVEL = 0;
				GCC_PREPROCESSOR_DEFINITIONS = (
					"DEBUG=1",
					"$(inherited)",
				);
				GCC_WARN_64_TO_32_BIT_CONVERSION = YES;
				GCC_WARN_ABOUT_RETURN_TYPE = YES_ERROR;
				GCC_WARN_UNDECLARED_SELECTOR = YES;
				GCC_WARN_UNINITIALIZED_AUTOS = YES_AGGRESSIVE;
				GCC_WARN_UNUSED_FUNCTION = YES;
				GCC_WARN_UNUSED_VARIABLE = YES;
				IPHONEOS_DEPLOYMENT_TARGET = 11.4;
				MTL_ENABLE_DEBUG_INFO = YES;
				ONLY_ACTIVE_ARCH = YES;
				SDKROOT = iphoneos;
				SWIFT_ACTIVE_COMPILATION_CONDITIONS = DEBUG;
				SWIFT_OPTIMIZATION_LEVEL = "-Onone";
			};
			name = Debug;
		};
		495CD55320E2771300D7673D /* Release */ = {
			isa = XCBuildConfiguration;
			buildSettings = {
				ALWAYS_SEARCH_USER_PATHS = NO;
				CLANG_ANALYZER_NONNULL = YES;
				CLANG_ANALYZER_NUMBER_OBJECT_CONVERSION = YES_AGGRESSIVE;
				CLANG_CXX_LANGUAGE_STANDARD = "gnu++14";
				CLANG_CXX_LIBRARY = "libc++";
				CLANG_ENABLE_MODULES = YES;
				CLANG_ENABLE_OBJC_ARC = YES;
				CLANG_ENABLE_OBJC_WEAK = YES;
				CLANG_WARN_BLOCK_CAPTURE_AUTORELEASING = YES;
				CLANG_WARN_BOOL_CONVERSION = YES;
				CLANG_WARN_COMMA = YES;
				CLANG_WARN_CONSTANT_CONVERSION = YES;
				CLANG_WARN_DEPRECATED_OBJC_IMPLEMENTATIONS = YES;
				CLANG_WARN_DIRECT_OBJC_ISA_USAGE = YES_ERROR;
				CLANG_WARN_DOCUMENTATION_COMMENTS = YES;
				CLANG_WARN_EMPTY_BODY = YES;
				CLANG_WARN_ENUM_CONVERSION = YES;
				CLANG_WARN_INFINITE_RECURSION = YES;
				CLANG_WARN_INT_CONVERSION = YES;
				CLANG_WARN_NON_LITERAL_NULL_CONVERSION = YES;
				CLANG_WARN_OBJC_IMPLICIT_RETAIN_SELF = YES;
				CLANG_WARN_OBJC_LITERAL_CONVERSION = YES;
				CLANG_WARN_OBJC_ROOT_CLASS = YES_ERROR;
				CLANG_WARN_RANGE_LOOP_ANALYSIS = YES;
				CLANG_WARN_STRICT_PROTOTYPES = YES;
				CLANG_WARN_SUSPICIOUS_MOVE = YES;
				CLANG_WARN_UNGUARDED_AVAILABILITY = YES_AGGRESSIVE;
				CLANG_WARN_UNREACHABLE_CODE = YES;
				CLANG_WARN__DUPLICATE_METHOD_MATCH = YES;
				CODE_SIGN_IDENTITY = "iPhone Developer";
				COPY_PHASE_STRIP = NO;
				DEBUG_INFORMATION_FORMAT = "dwarf-with-dsym";
				ENABLE_NS_ASSERTIONS = NO;
				ENABLE_STRICT_OBJC_MSGSEND = YES;
				GCC_C_LANGUAGE_STANDARD = gnu11;
				GCC_NO_COMMON_BLOCKS = YES;
				GCC_WARN_64_TO_32_BIT_CONVERSION = YES;
				GCC_WARN_ABOUT_RETURN_TYPE = YES_ERROR;
				GCC_WARN_UNDECLARED_SELECTOR = YES;
				GCC_WARN_UNINITIALIZED_AUTOS = YES_AGGRESSIVE;
				GCC_WARN_UNUSED_FUNCTION = YES;
				GCC_WARN_UNUSED_VARIABLE = YES;
				IPHONEOS_DEPLOYMENT_TARGET = 11.4;
				MTL_ENABLE_DEBUG_INFO = NO;
				SDKROOT = iphoneos;
				SWIFT_COMPILATION_MODE = wholemodule;
				SWIFT_OPTIMIZATION_LEVEL = "-O";
				VALIDATE_PRODUCT = YES;
			};
			name = Release;
		};
		495CD55520E2771300D7673D /* Debug */ = {
			isa = XCBuildConfiguration;
			buildSettings = {
				ASSETCATALOG_COMPILER_APPICON_NAME = AppIcon;
				CODE_SIGN_STYLE = Automatic;
				DEVELOPMENT_TEAM = W2EVZPD948;
				INFOPLIST_FILE = FilterProject/Info.plist;
				LD_RUNPATH_SEARCH_PATHS = (
					"$(inherited)",
					"@executable_path/Frameworks",
				);
				PRODUCT_BUNDLE_IDENTIFIER = br.com.FilterProject;
				PRODUCT_NAME = "$(TARGET_NAME)";
				SWIFT_VERSION = 4.0;
				TARGETED_DEVICE_FAMILY = "1,2";
			};
			name = Debug;
		};
		495CD55620E2771300D7673D /* Release */ = {
			isa = XCBuildConfiguration;
			buildSettings = {
				ASSETCATALOG_COMPILER_APPICON_NAME = AppIcon;
				CODE_SIGN_STYLE = Automatic;
				DEVELOPMENT_TEAM = W2EVZPD948;
				INFOPLIST_FILE = FilterProject/Info.plist;
				LD_RUNPATH_SEARCH_PATHS = (
					"$(inherited)",
					"@executable_path/Frameworks",
				);
				PRODUCT_BUNDLE_IDENTIFIER = br.com.FilterProject;
				PRODUCT_NAME = "$(TARGET_NAME)";
				SWIFT_VERSION = 4.0;
				TARGETED_DEVICE_FAMILY = "1,2";
			};
			name = Release;
		};
		495CD55820E2771300D7673D /* Debug */ = {
			isa = XCBuildConfiguration;
			buildSettings = {
				ALWAYS_EMBED_SWIFT_STANDARD_LIBRARIES = YES;
				BUNDLE_LOADER = "$(TEST_HOST)";
				CODE_SIGN_STYLE = Automatic;
				DEVELOPMENT_TEAM = W2EVZPD948;
				INFOPLIST_FILE = FilterProjectTests/Info.plist;
				LD_RUNPATH_SEARCH_PATHS = (
					"$(inherited)",
					"@executable_path/Frameworks",
					"@loader_path/Frameworks",
				);
				PRODUCT_BUNDLE_IDENTIFIER = br.com.FilterProjectTests;
				PRODUCT_NAME = "$(TARGET_NAME)";
				SWIFT_VERSION = 4.0;
				TARGETED_DEVICE_FAMILY = "1,2";
				TEST_HOST = "$(BUILT_PRODUCTS_DIR)/FilterProject.app/FilterProject";
			};
			name = Debug;
		};
		495CD55920E2771300D7673D /* Release */ = {
			isa = XCBuildConfiguration;
			buildSettings = {
				ALWAYS_EMBED_SWIFT_STANDARD_LIBRARIES = YES;
				BUNDLE_LOADER = "$(TEST_HOST)";
				CODE_SIGN_STYLE = Automatic;
				DEVELOPMENT_TEAM = W2EVZPD948;
				INFOPLIST_FILE = FilterProjectTests/Info.plist;
				LD_RUNPATH_SEARCH_PATHS = (
					"$(inherited)",
					"@executable_path/Frameworks",
					"@loader_path/Frameworks",
				);
				PRODUCT_BUNDLE_IDENTIFIER = br.com.FilterProjectTests;
				PRODUCT_NAME = "$(TARGET_NAME)";
				SWIFT_VERSION = 4.0;
				TARGETED_DEVICE_FAMILY = "1,2";
				TEST_HOST = "$(BUILT_PRODUCTS_DIR)/FilterProject.app/FilterProject";
			};
			name = Release;
		};
		495CD55B20E2771300D7673D /* Debug */ = {
			isa = XCBuildConfiguration;
			buildSettings = {
				ALWAYS_EMBED_SWIFT_STANDARD_LIBRARIES = YES;
				CODE_SIGN_STYLE = Automatic;
				DEVELOPMENT_TEAM = W2EVZPD948;
				INFOPLIST_FILE = FilterProjectUITests/Info.plist;
				LD_RUNPATH_SEARCH_PATHS = (
					"$(inherited)",
					"@executable_path/Frameworks",
					"@loader_path/Frameworks",
				);
				PRODUCT_BUNDLE_IDENTIFIER = br.com.FilterProjectUITests;
				PRODUCT_NAME = "$(TARGET_NAME)";
				SWIFT_VERSION = 4.0;
				TARGETED_DEVICE_FAMILY = "1,2";
				TEST_TARGET_NAME = FilterProject;
			};
			name = Debug;
		};
		495CD55C20E2771300D7673D /* Release */ = {
			isa = XCBuildConfiguration;
			buildSettings = {
				ALWAYS_EMBED_SWIFT_STANDARD_LIBRARIES = YES;
				CODE_SIGN_STYLE = Automatic;
				DEVELOPMENT_TEAM = W2EVZPD948;
				INFOPLIST_FILE = FilterProjectUITests/Info.plist;
				LD_RUNPATH_SEARCH_PATHS = (
					"$(inherited)",
					"@executable_path/Frameworks",
					"@loader_path/Frameworks",
				);
				PRODUCT_BUNDLE_IDENTIFIER = br.com.FilterProjectUITests;
				PRODUCT_NAME = "$(TARGET_NAME)";
				SWIFT_VERSION = 4.0;
				TARGETED_DEVICE_FAMILY = "1,2";
				TEST_TARGET_NAME = FilterProject;
			};
			name = Release;
		};
/* End XCBuildConfiguration section */

/* Begin XCConfigurationList section */
		495CD52720E2770100D7673D /* Build configuration list for PBXProject "FilterProject" */ = {
			isa = XCConfigurationList;
			buildConfigurations = (
				495CD55220E2771300D7673D /* Debug */,
				495CD55320E2771300D7673D /* Release */,
			);
			defaultConfigurationIsVisible = 0;
			defaultConfigurationName = Release;
		};
		495CD55420E2771300D7673D /* Build configuration list for PBXNativeTarget "FilterProject" */ = {
			isa = XCConfigurationList;
			buildConfigurations = (
				495CD55520E2771300D7673D /* Debug */,
				495CD55620E2771300D7673D /* Release */,
			);
			defaultConfigurationIsVisible = 0;
			defaultConfigurationName = Release;
		};
		495CD55720E2771300D7673D /* Build configuration list for PBXNativeTarget "FilterProjectTests" */ = {
			isa = XCConfigurationList;
			buildConfigurations = (
				495CD55820E2771300D7673D /* Debug */,
				495CD55920E2771300D7673D /* Release */,
			);
			defaultConfigurationIsVisible = 0;
			defaultConfigurationName = Release;
		};
		495CD55A20E2771300D7673D /* Build configuration list for PBXNativeTarget "FilterProjectUITests" */ = {
			isa = XCConfigurationList;
			buildConfigurations = (
				495CD55B20E2771300D7673D /* Debug */,
				495CD55C20E2771300D7673D /* Release */,
			);
			defaultConfigurationIsVisible = 0;
			defaultConfigurationName = Release;
		};
/* End XCConfigurationList section */
	};
	rootObject = 495CD52420E2770100D7673D /* Project object */;
}
